
Microsoft Visual Studio Solution File, Format Version 12.00
# Visual Studio Version 17
VisualStudioVersion = 17.7.34031.279
MinimumVisualStudioVersion = 10.0.40219.1
Project("{FAE04EC0-301F-11D3-BF4B-00C04F79EFBC}") = "classwork13 net", "classwork13 net.csproj", "{B74854CE-4DE5-47D4-8A72-E40E0F24BFCD}"
EndProject
Global
	GlobalSection(SolutionConfigurationPlatforms) = preSolution
		Debug|Any CPU = Debug|Any CPU
		Release|Any CPU = Release|Any CPU
	EndGlobalSection
	GlobalSection(ProjectConfigurationPlatforms) = postSolution
		{B74854CE-4DE5-47D4-8A72-E40E0F24BFCD}.Debug|Any CPU.ActiveCfg = Debug|Any CPU
		{B74854CE-4DE5-47D4-8A72-E40E0F24BFCD}.Debug|Any CPU.Build.0 = Debug|Any CPU
		{B74854CE-4DE5-47D4-8A72-E40E0F24BFCD}.Release|Any CPU.ActiveCfg = Release|Any CPU
		{B74854CE-4DE5-47D4-8A72-E40E0F24BFCD}.Release|Any CPU.Build.0 = Release|Any CPU
	EndGlobalSection
	GlobalSection(SolutionProperties) = preSolution
		HideSolutionNode = FALSE
	EndGlobalSection
	GlobalSection(ExtensibilityGlobals) = postSolution
		SolutionGuid = {F9ACD8C3-A296-4280-B079-27A25BB4D710}
	EndGlobalSection
EndGlobal
